
Microsoft Visual Studio Solution File, Format Version 12.00
# Visual Studio 15
VisualStudioVersion = 15.0.27703.2042
MinimumVisualStudioVersion = 10.0.40219.1
Project("{9A19103F-16F7-4668-BE54-9A1E7A4F7556}") = "iCiS", "iCiS\iCiS.csproj", "{12EC8D1C-0148-4827-A650-7A6BD7132AF9}"
EndProject
Global
	GlobalSection(SolutionConfigurationPlatforms) = preSolution
		Debug|Any CPU = Debug|Any CPU
		Release|Any CPU = Release|Any CPU
	EndGlobalSection
	GlobalSection(ProjectConfigurationPlatforms) = postSolution
		{12EC8D1C-0148-4827-A650-7A6BD7132AF9}.Debug|Any CPU.ActiveCfg = Debug|Any CPU
		{12EC8D1C-0148-4827-A650-7A6BD7132AF9}.Debug|Any CPU.Build.0 = Debug|Any CPU
		{12EC8D1C-0148-4827-A650-7A6BD7132AF9}.Release|Any CPU.ActiveCfg = Release|Any CPU
		{12EC8D1C-0148-4827-A650-7A6BD7132AF9}.Release|Any CPU.Build.0 = Release|Any CPU
	EndGlobalSection
	GlobalSection(SolutionProperties) = preSolution
		HideSolutionNode = FALSE
	EndGlobalSection
	GlobalSection(ExtensibilityGlobals) = postSolution
		SolutionGuid = {FE77C642-5D80-40FA-A821-DFAB5768FF5B}
	EndGlobalSection
EndGlobal
